// !$*UTF8*$!
{
	archiveVersion = 1;
	classes = {
	};
	objectVersion = 55;
	objects = {

/* Begin PBXBuildFile section */
		D02984C028F13DD7004D0976 /* AppDelegate.swift in Sources */ = {isa = PBXBuildFile; fileRef = D02984BF28F13DD7004D0976 /* AppDelegate.swift */; };
		D02984C228F13DD7004D0976 /* SceneDelegate.swift in Sources */ = {isa = PBXBuildFile; fileRef = D02984C128F13DD7004D0976 /* SceneDelegate.swift */; };
		D02984C428F13DD7004D0976 /* MainViewController.swift in Sources */ = {isa = PBXBuildFile; fileRef = D02984C328F13DD7004D0976 /* MainViewController.swift */; };
		D02984C928F13DD8004D0976 /* Assets.xcassets in Resources */ = {isa = PBXBuildFile; fileRef = D02984C828F13DD8004D0976 /* Assets.xcassets */; };
		D02984CC28F13DD8004D0976 /* LaunchScreen.storyboard in Resources */ = {isa = PBXBuildFile; fileRef = D02984CA28F13DD8004D0976 /* LaunchScreen.storyboard */; };
		D02984D728F13F64004D0976 /* MainPresenter.swift in Sources */ = {isa = PBXBuildFile; fileRef = D02984D628F13F64004D0976 /* MainPresenter.swift */; };
		D02984D928F13F6F004D0976 /* MainInteractor.swift in Sources */ = {isa = PBXBuildFile; fileRef = D02984D828F13F6F004D0976 /* MainInteractor.swift */; };
		D02984DB28F13F8A004D0976 /* MainRouter.swift in Sources */ = {isa = PBXBuildFile; fileRef = D02984DA28F13F8A004D0976 /* MainRouter.swift */; };
		D02984DD28F13FBC004D0976 /* MainEntity.swift in Sources */ = {isa = PBXBuildFile; fileRef = D02984DC28F13FBC004D0976 /* MainEntity.swift */; };
		D02984DF28F14005004D0976 /* MainProtocols.swift in Sources */ = {isa = PBXBuildFile; fileRef = D02984DE28F14005004D0976 /* MainProtocols.swift */; };
/* End PBXBuildFile section */

/* Begin PBXFileReference section */
		D02984BC28F13DD7004D0976 /* ViperDemo.app */ = {isa = PBXFileReference; explicitFileType = wrapper.application; includeInIndex = 0; path = ViperDemo.app; sourceTree = BUILT_PRODUCTS_DIR; };
		D02984BF28F13DD7004D0976 /* AppDelegate.swift */ = {isa = PBXFileReference; lastKnownFileType = sourcecode.swift; path = AppDelegate.swift; sourceTree = "<group>"; };
		D02984C128F13DD7004D0976 /* SceneDelegate.swift */ = {isa = PBXFileReference; lastKnownFileType = sourcecode.swift; path = SceneDelegate.swift; sourceTree = "<group>"; };
		D02984C328F13DD7004D0976 /* MainViewController.swift */ = {isa = PBXFileReference; lastKnownFileType = sourcecode.swift; path = MainViewController.swift; sourceTree = "<group>"; };
		D02984C828F13DD8004D0976 /* Assets.xcassets */ = {isa = PBXFileReference; lastKnownFileType = folder.assetcatalog; path = Assets.xcassets; sourceTree = "<group>"; };
		D02984CB28F13DD8004D0976 /* Base */ = {isa = PBXFileReference; lastKnownFileType = file.storyboard; name = Base; path = Base.lproj/LaunchScreen.storyboard; sourceTree = "<group>"; };
		D02984CD28F13DD8004D0976 /* Info.plist */ = {isa = PBXFileReference; lastKnownFileType = text.plist.xml; path = Info.plist; sourceTree = "<group>"; };
		D02984D628F13F64004D0976 /* MainPresenter.swift */ = {isa = PBXFileReference; lastKnownFileType = sourcecode.swift; path = MainPresenter.swift; sourceTree = "<group>"; };
		D02984D828F13F6F004D0976 /* MainInteractor.swift */ = {isa = PBXFileReference; lastKnownFileType = sourcecode.swift; path = MainInteractor.swift; sourceTree = "<group>"; };
		D02984DA28F13F8A004D0976 /* MainRouter.swift */ = {isa = PBXFileReference; lastKnownFileType = sourcecode.swift; path = MainRouter.swift; sourceTree = "<group>"; };
		D02984DC28F13FBC004D0976 /* MainEntity.swift */ = {isa = PBXFileReference; lastKnownFileType = sourcecode.swift; path = MainEntity.swift; sourceTree = "<group>"; };
		D02984DE28F14005004D0976 /* MainProtocols.swift */ = {isa = PBXFileReference; lastKnownFileType = sourcecode.swift; path = MainProtocols.swift; sourceTree = "<group>"; };
		D02984E028F3EBD0004D0976 /* README.md */ = {isa = PBXFileReference; lastKnownFileType = net.daringfireball.markdown; path = README.md; sourceTree = "<group>"; };
/* End PBXFileReference section */

/* Begin PBXFrameworksBuildPhase section */
		D02984B928F13DD7004D0976 /* Frameworks */ = {
			isa = PBXFrameworksBuildPhase;
			buildActionMask = 2147483647;
			files = (
			);
			runOnlyForDeploymentPostprocessing = 0;
		};
/* End PBXFrameworksBuildPhase section */

/* Begin PBXGroup section */
		D02984B328F13DD7004D0976 = {
			isa = PBXGroup;
			children = (
				D02984E028F3EBD0004D0976 /* README.md */,
				D02984BE28F13DD7004D0976 /* ViperDemo */,
				D02984BD28F13DD7004D0976 /* Products */,
			);
			sourceTree = "<group>";
		};
		D02984BD28F13DD7004D0976 /* Products */ = {
			isa = PBXGroup;
			children = (
				D02984BC28F13DD7004D0976 /* ViperDemo.app */,
			);
			name = Products;
			sourceTree = "<group>";
		};
		D02984BE28F13DD7004D0976 /* ViperDemo */ = {
			isa = PBXGroup;
			children = (
				D02984D428F13ED6004D0976 /* Modules */,
				D02984D328F13E9E004D0976 /* SupportFiles */,
			);
			path = ViperDemo;
			sourceTree = "<group>";
		};
		D02984D328F13E9E004D0976 /* SupportFiles */ = {
			isa = PBXGroup;
			children = (
				D02984C128F13DD7004D0976 /* SceneDelegate.swift */,
				D02984BF28F13DD7004D0976 /* AppDelegate.swift */,
				D02984C828F13DD8004D0976 /* Assets.xcassets */,
				D02984CA28F13DD8004D0976 /* LaunchScreen.storyboard */,
				D02984CD28F13DD8004D0976 /* Info.plist */,
			);
			path = SupportFiles;
			sourceTree = "<group>";
		};
		D02984D428F13ED6004D0976 /* Modules */ = {
			isa = PBXGroup;
			children = (
				D02984D528F13EE7004D0976 /* MainModule */,
			);
			path = Modules;
			sourceTree = "<group>";
		};
		D02984D528F13EE7004D0976 /* MainModule */ = {
			isa = PBXGroup;
			children = (
				D02984C328F13DD7004D0976 /* MainViewController.swift */,
				D02984D628F13F64004D0976 /* MainPresenter.swift */,
				D02984D828F13F6F004D0976 /* MainInteractor.swift */,
				D02984DA28F13F8A004D0976 /* MainRouter.swift */,
				D02984DC28F13FBC004D0976 /* MainEntity.swift */,
				D02984DE28F14005004D0976 /* MainProtocols.swift */,
			);
			path = MainModule;
			sourceTree = "<group>";
		};
/* End PBXGroup section */

/* Begin PBXNativeTarget section */
		D02984BB28F13DD7004D0976 /* ViperDemo */ = {
			isa = PBXNativeTarget;
			buildConfigurationList = D02984D028F13DD8004D0976 /* Build configuration list for PBXNativeTarget "ViperDemo" */;
			buildPhases = (
				D02984B828F13DD7004D0976 /* Sources */,
				D02984B928F13DD7004D0976 /* Frameworks */,
				D02984BA28F13DD7004D0976 /* Resources */,
			);
			buildRules = (
			);
			dependencies = (
			);
			name = ViperDemo;
			productName = ViperDemo;
			productReference = D02984BC28F13DD7004D0976 /* ViperDemo.app */;
			productType = "com.apple.product-type.application";
		};
/* End PBXNativeTarget section */

/* Begin PBXProject section */
		D02984B428F13DD7004D0976 /* Project object */ = {
			isa = PBXProject;
			attributes = {
				BuildIndependentTargetsInParallel = 1;
				LastSwiftUpdateCheck = 1400;
				LastUpgradeCheck = 1400;
				TargetAttributes = {
					D02984BB28F13DD7004D0976 = {
						CreatedOnToolsVersion = 14.0.1;
					};
				};
			};
			buildConfigurationList = D02984B728F13DD7004D0976 /* Build configuration list for PBXProject "ViperDemo" */;
			compatibilityVersion = "Xcode 13.0";
			developmentRegion = en;
			hasScannedForEncodings = 0;
			knownRegions = (
				en,
				Base,
			);
			mainGroup = D02984B328F13DD7004D0976;
			productRefGroup = D02984BD28F13DD7004D0976 /* Products */;
			projectDirPath = "";
			projectRoot = "";
			targets = (
				D02984BB28F13DD7004D0976 /* ViperDemo */,
			);
		};
/* End PBXProject section */

/* Begin PBXResourcesBuildPhase section */
		D02984BA28F13DD7004D0976 /* Resources */ = {
			isa = PBXResourcesBuildPhase;
			buildActionMask = 2147483647;
			files = (
				D02984CC28F13DD8004D0976 /* LaunchScreen.storyboard in Resources */,
				D02984C928F13DD8004D0976 /* Assets.xcassets in Resources */,
			);
			runOnlyForDeploymentPostprocessing = 0;
		};
/* End PBXResourcesBuildPhase section */

/* Begin PBXSourcesBuildPhase section */
		D02984B828F13DD7004D0976 /* Sources */ = {
			isa = PBXSourcesBuildPhase;
			buildActionMask = 2147483647;
			files = (
				D02984DF28F14005004D0976 /* MainProtocols.swift in Sources */,
				D02984C428F13DD7004D0976 /* MainViewController.swift in Sources */,
				D02984DD28F13FBC004D0976 /* MainEntity.swift in Sources */,
				D02984C028F13DD7004D0976 /* AppDelegate.swift in Sources */,
				D02984C228F13DD7004D0976 /* SceneDelegate.swift in Sources */,
				D02984D928F13F6F004D0976 /* MainInteractor.swift in Sources */,
				D02984D728F13F64004D0976 /* MainPresenter.swift in Sources */,
				D02984DB28F13F8A004D0976 /* MainRouter.swift in Sources */,
			);
			runOnlyForDeploymentPostprocessing = 0;
		};
/* End PBXSourcesBuildPhase section */

/* Begin PBXVariantGroup section */
		D02984CA28F13DD8004D0976 /* LaunchScreen.storyboard */ = {
			isa = PBXVariantGroup;
			children = (
				D02984CB28F13DD8004D0976 /* Base */,
			);
			name = LaunchScreen.storyboard;
			sourceTree = "<group>";
		};
/* End PBXVariantGroup section */

/* Begin XCBuildConfiguration section */
		D02984CE28F13DD8004D0976 /* Debug */ = {
			isa = XCBuildConfiguration;
			buildSettings = {
				ALWAYS_SEARCH_USER_PATHS = NO;
				CLANG_ANALYZER_NONNULL = YES;
				CLANG_ANALYZER_NUMBER_OBJECT_CONVERSION = YES_AGGRESSIVE;
				CLANG_CXX_LANGUAGE_STANDARD = "gnu++20";
				CLANG_ENABLE_MODULES = YES;
				CLANG_ENABLE_OBJC_ARC = YES;
				CLANG_ENABLE_OBJC_WEAK = YES;
				CLANG_WARN_BLOCK_CAPTURE_AUTORELEASING = YES;
				CLANG_WARN_BOOL_CONVERSION = YES;
				CLANG_WARN_COMMA = YES;
				CLANG_WARN_CONSTANT_CONVERSION = YES;
				CLANG_WARN_DEPRECATED_OBJC_IMPLEMENTATIONS = YES;
				CLANG_WARN_DIRECT_OBJC_ISA_USAGE = YES_ERROR;
				CLANG_WARN_DOCUMENTATION_COMMENTS = YES;
				CLANG_WARN_EMPTY_BODY = YES;
				CLANG_WARN_ENUM_CONVERSION = YES;
				CLANG_WARN_INFINITE_RECURSION = YES;
				CLANG_WARN_INT_CONVERSION = YES;
				CLANG_WARN_NON_LITERAL_NULL_CONVERSION = YES;
				CLANG_WARN_OBJC_IMPLICIT_RETAIN_SELF = YES;
				CLANG_WARN_OBJC_LITERAL_CONVERSION = YES;
				CLANG_WARN_OBJC_ROOT_CLASS = YES_ERROR;
				CLANG_WARN_QUOTED_INCLUDE_IN_FRAMEWORK_HEADER = YES;
				CLANG_WARN_RANGE_LOOP_ANALYSIS = YES;
				CLANG_WARN_STRICT_PROTOTYPES = YES;
				CLANG_WARN_SUSPICIOUS_MOVE = YES;
				CLANG_WARN_UNGUARDED_AVAILABILITY = YES_AGGRESSIVE;
				CLANG_WARN_UNREACHABLE_CODE = YES;
				CLANG_WARN__DUPLICATE_METHOD_MATCH = YES;
				COPY_PHASE_STRIP = NO;
				DEBUG_INFORMATION_FORMAT = dwarf;
				ENABLE_STRICT_OBJC_MSGSEND = YES;
				ENABLE_TESTABILITY = YES;
				GCC_C_LANGUAGE_STANDARD = gnu11;
				GCC_DYNAMIC_NO_PIC = NO;
				GCC_NO_COMMON_BLOCKS = YES;
				GCC_OPTIMIZATION_LEVEL = 0;
				GCC_PREPROCESSOR_DEFINITIONS = (
					"DEBUG=1",
					"$(inherited)",
				);
				GCC_WARN_64_TO_32_BIT_CONVERSION = YES;
				GCC_WARN_ABOUT_RETURN_TYPE = YES_ERROR;
				GCC_WARN_UNDECLARED_SELECTOR = YES;
				GCC_WARN_UNINITIALIZED_AUTOS = YES_AGGRESSIVE;
				GCC_WARN_UNUSED_FUNCTION = YES;
				GCC_WARN_UNUSED_VARIABLE = YES;
				IPHONEOS_DEPLOYMENT_TARGET = 16.0;
				MTL_ENABLE_DEBUG_INFO = INCLUDE_SOURCE;
				MTL_FAST_MATH = YES;
				ONLY_ACTIVE_ARCH = YES;
				SDKROOT = iphoneos;
				SWIFT_ACTIVE_COMPILATION_CONDITIONS = DEBUG;
				SWIFT_OPTIMIZATION_LEVEL = "-Onone";
			};
			name = Debug;
		};
		D02984CF28F13DD8004D0976 /* Release */ = {
			isa = XCBuildConfiguration;
			buildSettings = {
				ALWAYS_SEARCH_USER_PATHS = NO;
				CLANG_ANALYZER_NONNULL = YES;
				CLANG_ANALYZER_NUMBER_OBJECT_CONVERSION = YES_AGGRESSIVE;
				CLANG_CXX_LANGUAGE_STANDARD = "gnu++20";
				CLANG_ENABLE_MODULES = YES;
				CLANG_ENABLE_OBJC_ARC = YES;
				CLANG_ENABLE_OBJC_WEAK = YES;
				CLANG_WARN_BLOCK_CAPTURE_AUTORELEASING = YES;
				CLANG_WARN_BOOL_CONVERSION = YES;
				CLANG_WARN_COMMA = YES;
				CLANG_WARN_CONSTANT_CONVERSION = YES;
				CLANG_WARN_DEPRECATED_OBJC_IMPLEMENTATIONS = YES;
				CLANG_WARN_DIRECT_OBJC_ISA_USAGE = YES_ERROR;
				CLANG_WARN_DOCUMENTATION_COMMENTS = YES;
				CLANG_WARN_EMPTY_BODY = YES;
				CLANG_WARN_ENUM_CONVERSION = YES;
				CLANG_WARN_INFINITE_RECURSION = YES;
				CLANG_WARN_INT_CONVERSION = YES;
				CLANG_WARN_NON_LITERAL_NULL_CONVERSION = YES;
				CLANG_WARN_OBJC_IMPLICIT_RETAIN_SELF = YES;
				CLANG_WARN_OBJC_LITERAL_CONVERSION = YES;
				CLANG_WARN_OBJC_ROOT_CLASS = YES_ERROR;
				CLANG_WARN_QUOTED_INCLUDE_IN_FRAMEWORK_HEADER = YES;
				CLANG_WARN_RANGE_LOOP_ANALYSIS = YES;
				CLANG_WARN_STRICT_PROTOTYPES = YES;
				CLANG_WARN_SUSPICIOUS_MOVE = YES;
				CLANG_WARN_UNGUARDED_AVAILABILITY = YES_AGGRESSIVE;
				CLANG_WARN_UNREACHABLE_CODE = YES;
				CLANG_WARN__DUPLICATE_METHOD_MATCH = YES;
				COPY_PHASE_STRIP = NO;
				DEBUG_INFORMATION_FORMAT = "dwarf-with-dsym";
				ENABLE_NS_ASSERTIONS = NO;
				ENABLE_STRICT_OBJC_MSGSEND = YES;
				GCC_C_LANGUAGE_STANDARD = gnu11;
				GCC_NO_COMMON_BLOCKS = YES;
				GCC_WARN_64_TO_32_BIT_CONVERSION = YES;
				GCC_WARN_ABOUT_RETURN_TYPE = YES_ERROR;
				GCC_WARN_UNDECLARED_SELECTOR = YES;
				GCC_WARN_UNINITIALIZED_AUTOS = YES_AGGRESSIVE;
				GCC_WARN_UNUSED_FUNCTION = YES;
				GCC_WARN_UNUSED_VARIABLE = YES;
				IPHONEOS_DEPLOYMENT_TARGET = 16.0;
				MTL_ENABLE_DEBUG_INFO = NO;
				MTL_FAST_MATH = YES;
				SDKROOT = iphoneos;
				SWIFT_COMPILATION_MODE = wholemodule;
				SWIFT_OPTIMIZATION_LEVEL = "-O";
				VALIDATE_PRODUCT = YES;
			};
			name = Release;
		};
		D02984D128F13DD8004D0976 /* Debug */ = {
			isa = XCBuildConfiguration;
			buildSettings = {
				ASSETCATALOG_COMPILER_APPICON_NAME = AppIcon;
				ASSETCATALOG_COMPILER_GLOBAL_ACCENT_COLOR_NAME = AccentColor;
				CODE_SIGN_STYLE = Automatic;
				CURRENT_PROJECT_VERSION = 1;
				DEVELOPMENT_TEAM = ZT525LAF69;
				GENERATE_INFOPLIST_FILE = YES;
				INFOPLIST_FILE = ViperDemo/SupportFiles/Info.plist;
				INFOPLIST_KEY_UIApplicationSupportsIndirectInputEvents = YES;
				INFOPLIST_KEY_UILaunchStoryboardName = LaunchScreen;
				INFOPLIST_KEY_UISupportedInterfaceOrientations = UIInterfaceOrientationPortrait;
				INFOPLIST_KEY_UISupportedInterfaceOrientations_iPad = "UIInterfaceOrientationLandscapeLeft UIInterfaceOrientationLandscapeRight UIInterfaceOrientationPortrait UIInterfaceOrientationPortraitUpsideDown";
				IPHONEOS_DEPLOYMENT_TARGET = 15.0;
				LD_RUNPATH_SEARCH_PATHS = (
					"$(inherited)",
					"@executable_path/Frameworks",
				);
				MARKETING_VERSION = 1.0;
				PRODUCT_BUNDLE_IDENTIFIER = com.gmail.gromovitaly.ViperDemo;
				PRODUCT_NAME = "$(TARGET_NAME)";
				SUPPORTED_PLATFORMS = "iphoneos iphonesimulator";
				SUPPORTS_MACCATALYST = NO;
				SUPPORTS_MAC_DESIGNED_FOR_IPHONE_IPAD = NO;
				SWIFT_EMIT_LOC_STRINGS = YES;
				SWIFT_VERSION = 5.0;
				TARGETED_DEVICE_FAMILY = 1;
			};
			name = Debug;
		};
		D02984D228F13DD8004D0976 /* Release */ = {
			isa = XCBuildConfiguration;
			buildSettings = {
				ASSETCATALOG_COMPILER_APPICON_NAME = AppIcon;
				ASSETCATALOG_COMPILER_GLOBAL_ACCENT_COLOR_NAME = AccentColor;
				CODE_SIGN_STYLE = Automatic;
				CURRENT_PROJECT_VERSION = 1;
				DEVELOPMENT_TEAM = ZT525LAF69;
				GENERATE_INFOPLIST_FILE = YES;
				INFOPLIST_FILE = ViperDemo/SupportFiles/Info.plist;
				INFOPLIST_KEY_UIApplicationSupportsIndirectInputEvents = YES;
				INFOPLIST_KEY_UILaunchStoryboardName = LaunchScreen;
				INFOPLIST_KEY_UISupportedInterfaceOrientations = UIInterfaceOrientationPortrait;
				INFOPLIST_KEY_UISupportedInterfaceOrientations_iPad = "UIInterfaceOrientationLandscapeLeft UIInterfaceOrientationLandscapeRight UIInterfaceOrientationPortrait UIInterfaceOrientationPortraitUpsideDown";
				IPHONEOS_DEPLOYMENT_TARGET = 15.0;
				LD_RUNPATH_SEARCH_PATHS = (
					"$(inherited)",
					"@executable_path/Frameworks",
				);
				MARKETING_VERSION = 1.0;
				PRODUCT_BUNDLE_IDENTIFIER = com.gmail.gromovitaly.ViperDemo;
				PRODUCT_NAME = "$(TARGET_NAME)";
				SUPPORTED_PLATFORMS = "iphoneos iphonesimulator";
				SUPPORTS_MACCATALYST = NO;
				SUPPORTS_MAC_DESIGNED_FOR_IPHONE_IPAD = NO;
				SWIFT_EMIT_LOC_STRINGS = YES;
				SWIFT_VERSION = 5.0;
				TARGETED_DEVICE_FAMILY = 1;
			};
			name = Release;
		};
/* End XCBuildConfiguration section */

/* Begin XCConfigurationList section */
		D02984B728F13DD7004D0976 /* Build configuration list for PBXProject "ViperDemo" */ = {
			isa = XCConfigurationList;
			buildConfigurations = (
				D02984CE28F13DD8004D0976 /* Debug */,
				D02984CF28F13DD8004D0976 /* Release */,
			);
			defaultConfigurationIsVisible = 0;
			defaultConfigurationName = Release;
		};
		D02984D028F13DD8004D0976 /* Build configuration list for PBXNativeTarget "ViperDemo" */ = {
			isa = XCConfigurationList;
			buildConfigurations = (
				D02984D128F13DD8004D0976 /* Debug */,
				D02984D228F13DD8004D0976 /* Release */,
			);
			defaultConfigurationIsVisible = 0;
			defaultConfigurationName = Release;
		};
/* End XCConfigurationList section */
	};
	rootObject = D02984B428F13DD7004D0976 /* Project object */;
}
